
Microsoft Visual Studio Solution File, Format Version 12.00
# Visual Studio Version 16
VisualStudioVersion = 16.0.31321.278
MinimumVisualStudioVersion = 10.0.40219.1
Project("{FAE04EC0-301F-11D3-BF4B-00C04F79EFBC}") = "LogLevelRuntimeSwitching", "LogLevelRuntimeSwitching.csproj", "{C2C51E8A-FA68-4B5D-BF17-E4434CC342BF}"
EndProject
Global
	GlobalSection(SolutionConfigurationPlatforms) = preSolution
		Debug|Any CPU = Debug|Any CPU
		Release|Any CPU = Release|Any CPU
	EndGlobalSection
	GlobalSection(ProjectConfigurationPlatforms) = postSolution
		{C2C51E8A-FA68-4B5D-BF17-E4434CC342BF}.Debug|Any CPU.ActiveCfg = Debug|Any CPU
		{C2C51E8A-FA68-4B5D-BF17-E4434CC342BF}.Debug|Any CPU.Build.0 = Debug|Any CPU
		{C2C51E8A-FA68-4B5D-BF17-E4434CC342BF}.Release|Any CPU.ActiveCfg = Release|Any CPU
		{C2C51E8A-FA68-4B5D-BF17-E4434CC342BF}.Release|Any CPU.Build.0 = Release|Any CPU
	EndGlobalSection
	GlobalSection(SolutionProperties) = preSolution
		HideSolutionNode = FALSE
	EndGlobalSection
	GlobalSection(ExtensibilityGlobals) = postSolution
		SolutionGuid = {11AB5D91-EE3B-4C97-A773-9DAF93C2C490}
	EndGlobalSection
EndGlobal
